
Microsoft Visual Studio Solution File, Format Version 12.00
# Visual Studio 15
VisualStudioVersion = 15.0.28307.1022
MinimumVisualStudioVersion = 10.0.40219.1
Project("{FAE04EC0-301F-11D3-BF4B-00C04F79EFBC}") = "LotteryDreamBook.Android", "LotteryDreamBook\LotteryDreamBook.Android\LotteryDreamBook.Android.csproj", "{20F44807-EDDA-4BC9-9433-9F53E5C41668}"
EndProject
Project("{FAE04EC0-301F-11D3-BF4B-00C04F79EFBC}") = "LotteryDreamBook.iOS", "LotteryDreamBook\LotteryDreamBook.iOS\LotteryDreamBook.iOS.csproj", "{CA8997CD-B9FB-4DDA-B540-8DF8001376BD}"
EndProject
Project("{FAE04EC0-301F-11D3-BF4B-00C04F79EFBC}") = "LotteryDreamBook.UWP", "LotteryDreamBook\LotteryDreamBook.UWP\LotteryDreamBook.UWP.csproj", "{71773C45-CB78-4497-9E1D-FD18D644A215}"
EndProject
Project("{FAE04EC0-301F-11D3-BF4B-00C04F79EFBC}") = "LotteryDreamBook", "LotteryDreamBook\LotteryDreamBook\LotteryDreamBook.csproj", "{F67C9BC8-9F23-4368-ACBA-B0A96E588CD7}"
EndProject
Global
	GlobalSection(SolutionConfigurationPlatforms) = preSolution
		Ad-Hoc|Any CPU = Ad-Hoc|Any CPU
		Ad-Hoc|ARM = Ad-Hoc|ARM
		Ad-Hoc|iPhone = Ad-Hoc|iPhone
		Ad-Hoc|iPhoneSimulator = Ad-Hoc|iPhoneSimulator
		Ad-Hoc|x64 = Ad-Hoc|x64
		Ad-Hoc|x86 = Ad-Hoc|x86
		AppStore|Any CPU = AppStore|Any CPU
		AppStore|ARM = AppStore|ARM
		AppStore|iPhone = AppStore|iPhone
		AppStore|iPhoneSimulator = AppStore|iPhoneSimulator
		AppStore|x64 = AppStore|x64
		AppStore|x86 = AppStore|x86
		Debug|Any CPU = Debug|Any CPU
		Debug|ARM = Debug|ARM
		Debug|iPhone = Debug|iPhone
		Debug|iPhoneSimulator = Debug|iPhoneSimulator
		Debug|x64 = Debug|x64
		Debug|x86 = Debug|x86
		Release|Any CPU = Release|Any CPU
		Release|ARM = Release|ARM
		Release|iPhone = Release|iPhone
		Release|iPhoneSimulator = Release|iPhoneSimulator
		Release|x64 = Release|x64
		Release|x86 = Release|x86
	EndGlobalSection
	GlobalSection(ProjectConfigurationPlatforms) = postSolution
		{20F44807-EDDA-4BC9-9433-9F53E5C41668}.Ad-Hoc|Any CPU.ActiveCfg = Release|Any CPU
		{20F44807-EDDA-4BC9-9433-9F53E5C41668}.Ad-Hoc|Any CPU.Build.0 = Release|Any CPU
		{20F44807-EDDA-4BC9-9433-9F53E5C41668}.Ad-Hoc|Any CPU.Deploy.0 = Release|Any CPU
		{20F44807-EDDA-4BC9-9433-9F53E5C41668}.Ad-Hoc|ARM.ActiveCfg = Release|Any CPU
		{20F44807-EDDA-4BC9-9433-9F53E5C41668}.Ad-Hoc|ARM.Build.0 = Release|Any CPU
		{20F44807-EDDA-4BC9-9433-9F53E5C41668}.Ad-Hoc|ARM.Deploy.0 = Release|Any CPU
		{20F44807-EDDA-4BC9-9433-9F53E5C41668}.Ad-Hoc|iPhone.ActiveCfg = Release|Any CPU
		{20F44807-EDDA-4BC9-9433-9F53E5C41668}.Ad-Hoc|iPhone.Build.0 = Release|Any CPU
		{20F44807-EDDA-4BC9-9433-9F53E5C41668}.Ad-Hoc|iPhone.Deploy.0 = Release|Any CPU
		{20F44807-EDDA-4BC9-9433-9F53E5C41668}.Ad-Hoc|iPhoneSimulator.ActiveCfg = Release|Any CPU
		{20F44807-EDDA-4BC9-9433-9F53E5C41668}.Ad-Hoc|iPhoneSimulator.Build.0 = Release|Any CPU
		{20F44807-EDDA-4BC9-9433-9F53E5C41668}.Ad-Hoc|iPhoneSimulator.Deploy.0 = Release|Any CPU
		{20F44807-EDDA-4BC9-9433-9F53E5C41668}.Ad-Hoc|x64.ActiveCfg = Release|Any CPU
		{20F44807-EDDA-4BC9-9433-9F53E5C41668}.Ad-Hoc|x64.Build.0 = Release|Any CPU
		{20F44807-EDDA-4BC9-9433-9F53E5C41668}.Ad-Hoc|x64.Deploy.0 = Release|Any CPU
		{20F44807-EDDA-4BC9-9433-9F53E5C41668}.Ad-Hoc|x86.ActiveCfg = Release|Any CPU
		{20F44807-EDDA-4BC9-9433-9F53E5C41668}.Ad-Hoc|x86.Build.0 = Release|Any CPU
		{20F44807-EDDA-4BC9-9433-9F53E5C41668}.Ad-Hoc|x86.Deploy.0 = Release|Any CPU
		{20F44807-EDDA-4BC9-9433-9F53E5C41668}.AppStore|Any CPU.ActiveCfg = Release|Any CPU
		{20F44807-EDDA-4BC9-9433-9F53E5C41668}.AppStore|Any CPU.Build.0 = Release|Any CPU
		{20F44807-EDDA-4BC9-9433-9F53E5C41668}.AppStore|Any CPU.Deploy.0 = Release|Any CPU
		{20F44807-EDDA-4BC9-9433-9F53E5C41668}.AppStore|ARM.ActiveCfg = Release|Any CPU
		{20F44807-EDDA-4BC9-9433-9F53E5C41668}.AppStore|ARM.Build.0 = Release|Any CPU
		{20F44807-EDDA-4BC9-9433-9F53E5C41668}.AppStore|ARM.Deploy.0 = Release|Any CPU
		{20F44807-EDDA-4BC9-9433-9F53E5C41668}.AppStore|iPhone.ActiveCfg = Release|Any CPU
		{20F44807-EDDA-4BC9-9433-9F53E5C41668}.AppStore|iPhone.Build.0 = Release|Any CPU
		{20F44807-EDDA-4BC9-9433-9F53E5C41668}.AppStore|iPhone.Deploy.0 = Release|Any CPU
		{20F44807-EDDA-4BC9-9433-9F53E5C41668}.AppStore|iPhoneSimulator.ActiveCfg = Release|Any CPU
		{20F44807-EDDA-4BC9-9433-9F53E5C41668}.AppStore|iPhoneSimulator.Build.0 = Release|Any CPU
		{20F44807-EDDA-4BC9-9433-9F53E5C41668}.AppStore|iPhoneSimulator.Deploy.0 = Release|Any CPU
		{20F44807-EDDA-4BC9-9433-9F53E5C41668}.AppStore|x64.ActiveCfg = Release|Any CPU
		{20F44807-EDDA-4BC9-9433-9F53E5C41668}.AppStore|x64.Build.0 = Release|Any CPU
		{20F44807-EDDA-4BC9-9433-9F53E5C41668}.AppStore|x64.Deploy.0 = Release|Any CPU
		{20F44807-EDDA-4BC9-9433-9F53E5C41668}.AppStore|x86.ActiveCfg = Release|Any CPU
		{20F44807-EDDA-4BC9-9433-9F53E5C41668}.AppStore|x86.Build.0 = Release|Any CPU
		{20F44807-EDDA-4BC9-9433-9F53E5C41668}.AppStore|x86.Deploy.0 = Release|Any CPU
		{20F44807-EDDA-4BC9-9433-9F53E5C41668}.Debug|Any CPU.ActiveCfg = Debug|Any CPU
		{20F44807-EDDA-4BC9-9433-9F53E5C41668}.Debug|Any CPU.Build.0 = Debug|Any CPU
		{20F44807-EDDA-4BC9-9433-9F53E5C41668}.Debug|Any CPU.Deploy.0 = Debug|Any CPU
		{20F44807-EDDA-4BC9-9433-9F53E5C41668}.Debug|ARM.ActiveCfg = Debug|Any CPU
		{20F44807-EDDA-4BC9-9433-9F53E5C41668}.Debug|ARM.Build.0 = Debug|Any CPU
		{20F44807-EDDA-4BC9-9433-9F53E5C41668}.Debug|ARM.Deploy.0 = Debug|Any CPU
		{20F44807-EDDA-4BC9-9433-9F53E5C41668}.Debug|iPhone.ActiveCfg = Debug|Any CPU
		{20F44807-EDDA-4BC9-9433-9F53E5C41668}.Debug|iPhone.Build.0 = Debug|Any CPU
		{20F44807-EDDA-4BC9-9433-9F53E5C41668}.Debug|iPhone.Deploy.0 = Debug|Any CPU
		{20F44807-EDDA-4BC9-9433-9F53E5C41668}.Debug|iPhoneSimulator.ActiveCfg = Debug|Any CPU
		{20F44807-EDDA-4BC9-9433-9F53E5C41668}.Debug|iPhoneSimulator.Build.0 = Debug|Any CPU
		{20F44807-EDDA-4BC9-9433-9F53E5C41668}.Debug|iPhoneSimulator.Deploy.0 = Debug|Any CPU
		{20F44807-EDDA-4BC9-9433-9F53E5C41668}.Debug|x64.ActiveCfg = Debug|Any CPU
		{20F44807-EDDA-4BC9-9433-9F53E5C41668}.Debug|x64.Build.0 = Debug|Any CPU
		{20F44807-EDDA-4BC9-9433-9F53E5C41668}.Debug|x64.Deploy.0 = Debug|Any CPU
		{20F44807-EDDA-4BC9-9433-9F53E5C41668}.Debug|x86.ActiveCfg = Debug|Any CPU
		{20F44807-EDDA-4BC9-9433-9F53E5C41668}.Debug|x86.Build.0 = Debug|Any CPU
		{20F44807-EDDA-4BC9-9433-9F53E5C41668}.Debug|x86.Deploy.0 = Debug|Any CPU
		{20F44807-EDDA-4BC9-9433-9F53E5C41668}.Release|Any CPU.ActiveCfg = Release|Any CPU
		{20F44807-EDDA-4BC9-9433-9F53E5C41668}.Release|Any CPU.Build.0 = Release|Any CPU
		{20F44807-EDDA-4BC9-9433-9F53E5C41668}.Release|Any CPU.Deploy.0 = Release|Any CPU
		{20F44807-EDDA-4BC9-9433-9F53E5C41668}.Release|ARM.ActiveCfg = Release|Any CPU
		{20F44807-EDDA-4BC9-9433-9F53E5C41668}.Release|ARM.Build.0 = Release|Any CPU
		{20F44807-EDDA-4BC9-9433-9F53E5C41668}.Release|ARM.Deploy.0 = Release|Any CPU
		{20F44807-EDDA-4BC9-9433-9F53E5C41668}.Release|iPhone.ActiveCfg = Release|Any CPU
		{20F44807-EDDA-4BC9-9433-9F53E5C41668}.Release|iPhone.Build.0 = Release|Any CPU
		{20F44807-EDDA-4BC9-9433-9F53E5C41668}.Release|iPhone.Deploy.0 = Release|Any CPU
		{20F44807-EDDA-4BC9-9433-9F53E5C41668}.Release|iPhoneSimulator.ActiveCfg = Release|Any CPU
		{20F44807-EDDA-4BC9-9433-9F53E5C41668}.Release|iPhoneSimulator.Build.0 = Release|Any CPU
		{20F44807-EDDA-4BC9-9433-9F53E5C41668}.Release|iPhoneSimulator.Deploy.0 = Release|Any CPU
		{20F44807-EDDA-4BC9-9433-9F53E5C41668}.Release|x64.ActiveCfg = Release|Any CPU
		{20F44807-EDDA-4BC9-9433-9F53E5C41668}.Release|x64.Build.0 = Release|Any CPU
		{20F44807-EDDA-4BC9-9433-9F53E5C41668}.Release|x64.Deploy.0 = Release|Any CPU
		{20F44807-EDDA-4BC9-9433-9F53E5C41668}.Release|x86.ActiveCfg = Release|Any CPU
		{20F44807-EDDA-4BC9-9433-9F53E5C41668}.Release|x86.Build.0 = Release|Any CPU
		{20F44807-EDDA-4BC9-9433-9F53E5C41668}.Release|x86.Deploy.0 = Release|Any CPU
		{CA8997CD-B9FB-4DDA-B540-8DF8001376BD}.Ad-Hoc|Any CPU.ActiveCfg = Ad-Hoc|iPhone
		{CA8997CD-B9FB-4DDA-B540-8DF8001376BD}.Ad-Hoc|Any CPU.Build.0 = Ad-Hoc|iPhone
		{CA8997CD-B9FB-4DDA-B540-8DF8001376BD}.Ad-Hoc|Any CPU.Deploy.0 = Ad-Hoc|iPhone
		{CA8997CD-B9FB-4DDA-B540-8DF8001376BD}.Ad-Hoc|ARM.ActiveCfg = Ad-Hoc|iPhone
		{CA8997CD-B9FB-4DDA-B540-8DF8001376BD}.Ad-Hoc|ARM.Build.0 = Ad-Hoc|iPhone
		{CA8997CD-B9FB-4DDA-B540-8DF8001376BD}.Ad-Hoc|ARM.Deploy.0 = Ad-Hoc|iPhone
		{CA8997CD-B9FB-4DDA-B540-8DF8001376BD}.Ad-Hoc|iPhone.ActiveCfg = Ad-Hoc|iPhone
		{CA8997CD-B9FB-4DDA-B540-8DF8001376BD}.Ad-Hoc|iPhone.Build.0 = Ad-Hoc|iPhone
		{CA8997CD-B9FB-4DDA-B540-8DF8001376BD}.Ad-Hoc|iPhone.Deploy.0 = Ad-Hoc|iPhone
		{CA8997CD-B9FB-4DDA-B540-8DF8001376BD}.Ad-Hoc|iPhoneSimulator.ActiveCfg = Ad-Hoc|iPhoneSimulator
		{CA8997CD-B9FB-4DDA-B540-8DF8001376BD}.Ad-Hoc|iPhoneSimulator.Build.0 = Ad-Hoc|iPhoneSimulator
		{CA8997CD-B9FB-4DDA-B540-8DF8001376BD}.Ad-Hoc|iPhoneSimulator.Deploy.0 = Ad-Hoc|iPhoneSimulator
		{CA8997CD-B9FB-4DDA-B540-8DF8001376BD}.Ad-Hoc|x64.ActiveCfg = Ad-Hoc|iPhone
		{CA8997CD-B9FB-4DDA-B540-8DF8001376BD}.Ad-Hoc|x64.Build.0 = Ad-Hoc|iPhone
		{CA8997CD-B9FB-4DDA-B540-8DF8001376BD}.Ad-Hoc|x64.Deploy.0 = Ad-Hoc|iPhone
		{CA8997CD-B9FB-4DDA-B540-8DF8001376BD}.Ad-Hoc|x86.ActiveCfg = Ad-Hoc|iPhone
		{CA8997CD-B9FB-4DDA-B540-8DF8001376BD}.Ad-Hoc|x86.Build.0 = Ad-Hoc|iPhone
		{CA8997CD-B9FB-4DDA-B540-8DF8001376BD}.Ad-Hoc|x86.Deploy.0 = Ad-Hoc|iPhone
		{CA8997CD-B9FB-4DDA-B540-8DF8001376BD}.AppStore|Any CPU.ActiveCfg = AppStore|iPhone
		{CA8997CD-B9FB-4DDA-B540-8DF8001376BD}.AppStore|Any CPU.Build.0 = AppStore|iPhone
		{CA8997CD-B9FB-4DDA-B540-8DF8001376BD}.AppStore|Any CPU.Deploy.0 = AppStore|iPhone
		{CA8997CD-B9FB-4DDA-B540-8DF8001376BD}.AppStore|ARM.ActiveCfg = AppStore|iPhone
		{CA8997CD-B9FB-4DDA-B540-8DF8001376BD}.AppStore|ARM.Build.0 = AppStore|iPhone
		{CA8997CD-B9FB-4DDA-B540-8DF8001376BD}.AppStore|ARM.Deploy.0 = AppStore|iPhone
		{CA8997CD-B9FB-4DDA-B540-8DF8001376BD}.AppStore|iPhone.ActiveCfg = AppStore|iPhone
		{CA8997CD-B9FB-4DDA-B540-8DF8001376BD}.AppStore|iPhone.Build.0 = AppStore|iPhone
		{CA8997CD-B9FB-4DDA-B540-8DF8001376BD}.AppStore|iPhone.Deploy.0 = AppStore|iPhone
		{CA8997CD-B9FB-4DDA-B540-8DF8001376BD}.AppStore|iPhoneSimulator.ActiveCfg = AppStore|iPhoneSimulator
		{CA8997CD-B9FB-4DDA-B540-8DF8001376BD}.AppStore|iPhoneSimulator.Build.0 = AppStore|iPhoneSimulator
		{CA8997CD-B9FB-4DDA-B540-8DF8001376BD}.AppStore|iPhoneSimulator.Deploy.0 = AppStore|iPhoneSimulator
		{CA8997CD-B9FB-4DDA-B540-8DF8001376BD}.AppStore|x64.ActiveCfg = AppStore|iPhone
		{CA8997CD-B9FB-4DDA-B540-8DF8001376BD}.AppStore|x64.Build.0 = AppStore|iPhone
		{CA8997CD-B9FB-4DDA-B540-8DF8001376BD}.AppStore|x64.Deploy.0 = AppStore|iPhone
		{CA8997CD-B9FB-4DDA-B540-8DF8001376BD}.AppStore|x86.ActiveCfg = AppStore|iPhone
		{CA8997CD-B9FB-4DDA-B540-8DF8001376BD}.AppStore|x86.Build.0 = AppStore|iPhone
		{CA8997CD-B9FB-4DDA-B540-8DF8001376BD}.AppStore|x86.Deploy.0 = AppStore|iPhone
		{CA8997CD-B9FB-4DDA-B540-8DF8001376BD}.Debug|Any CPU.ActiveCfg = Debug|iPhoneSimulator
		{CA8997CD-B9FB-4DDA-B540-8DF8001376BD}.Debug|Any CPU.Build.0 = Debug|iPhoneSimulator
		{CA8997CD-B9FB-4DDA-B540-8DF8001376BD}.Debug|Any CPU.Deploy.0 = Debug|iPhoneSimulator
		{CA8997CD-B9FB-4DDA-B540-8DF8001376BD}.Debug|ARM.ActiveCfg = Debug|iPhone
		{CA8997CD-B9FB-4DDA-B540-8DF8001376BD}.Debug|ARM.Build.0 = Debug|iPhone
		{CA8997CD-B9FB-4DDA-B540-8DF8001376BD}.Debug|ARM.Deploy.0 = Debug|iPhone
		{CA8997CD-B9FB-4DDA-B540-8DF8001376BD}.Debug|iPhone.ActiveCfg = Debug|iPhone
		{CA8997CD-B9FB-4DDA-B540-8DF8001376BD}.Debug|iPhone.Build.0 = Debug|iPhone
		{CA8997CD-B9FB-4DDA-B540-8DF8001376BD}.Debug|iPhone.Deploy.0 = Debug|iPhone
		{CA8997CD-B9FB-4DDA-B540-8DF8001376BD}.Debug|iPhoneSimulator.ActiveCfg = Debug|iPhoneSimulator
		{CA8997CD-B9FB-4DDA-B540-8DF8001376BD}.Debug|iPhoneSimulator.Build.0 = Debug|iPhoneSimulator
		{CA8997CD-B9FB-4DDA-B540-8DF8001376BD}.Debug|iPhoneSimulator.Deploy.0 = Debug|iPhoneSimulator
		{CA8997CD-B9FB-4DDA-B540-8DF8001376BD}.Debug|x64.ActiveCfg = Debug|iPhone
		{CA8997CD-B9FB-4DDA-B540-8DF8001376BD}.Debug|x64.Build.0 = Debug|iPhone
		{CA8997CD-B9FB-4DDA-B540-8DF8001376BD}.Debug|x64.Deploy.0 = Debug|iPhone
		{CA8997CD-B9FB-4DDA-B540-8DF8001376BD}.Debug|x86.ActiveCfg = Debug|iPhone
		{CA8997CD-B9FB-4DDA-B540-8DF8001376BD}.Debug|x86.Build.0 = Debug|iPhone
		{CA8997CD-B9FB-4DDA-B540-8DF8001376BD}.Debug|x86.Deploy.0 = Debug|iPhone
		{CA8997CD-B9FB-4DDA-B540-8DF8001376BD}.Release|Any CPU.ActiveCfg = Release|iPhone
		{CA8997CD-B9FB-4DDA-B540-8DF8001376BD}.Release|Any CPU.Build.0 = Release|iPhone
		{CA8997CD-B9FB-4DDA-B540-8DF8001376BD}.Release|Any CPU.Deploy.0 = Release|iPhone
		{CA8997CD-B9FB-4DDA-B540-8DF8001376BD}.Release|ARM.ActiveCfg = Release|iPhone
		{CA8997CD-B9FB-4DDA-B540-8DF8001376BD}.Release|ARM.Build.0 = Release|iPhone
		{CA8997CD-B9FB-4DDA-B540-8DF8001376BD}.Release|ARM.Deploy.0 = Release|iPhone
		{CA8997CD-B9FB-4DDA-B540-8DF8001376BD}.Release|iPhone.ActiveCfg = Release|iPhone
		{CA8997CD-B9FB-4DDA-B540-8DF8001376BD}.Release|iPhone.Build.0 = Release|iPhone
		{CA8997CD-B9FB-4DDA-B540-8DF8001376BD}.Release|iPhone.Deploy.0 = Release|iPhone
		{CA8997CD-B9FB-4DDA-B540-8DF8001376BD}.Release|iPhoneSimulator.ActiveCfg = Release|iPhoneSimulator
		{CA8997CD-B9FB-4DDA-B540-8DF8001376BD}.Release|iPhoneSimulator.Build.0 = Release|iPhoneSimulator
		{CA8997CD-B9FB-4DDA-B540-8DF8001376BD}.Release|iPhoneSimulator.Deploy.0 = Release|iPhoneSimulator
		{CA8997CD-B9FB-4DDA-B540-8DF8001376BD}.Release|x64.ActiveCfg = Release|iPhone
		{CA8997CD-B9FB-4DDA-B540-8DF8001376BD}.Release|x64.Build.0 = Release|iPhone
		{CA8997CD-B9FB-4DDA-B540-8DF8001376BD}.Release|x64.Deploy.0 = Release|iPhone
		{CA8997CD-B9FB-4DDA-B540-8DF8001376BD}.Release|x86.ActiveCfg = Release|iPhone
		{CA8997CD-B9FB-4DDA-B540-8DF8001376BD}.Release|x86.Build.0 = Release|iPhone
		{CA8997CD-B9FB-4DDA-B540-8DF8001376BD}.Release|x86.Deploy.0 = Release|iPhone
		{71773C45-CB78-4497-9E1D-FD18D644A215}.Ad-Hoc|Any CPU.ActiveCfg = Release|x86
		{71773C45-CB78-4497-9E1D-FD18D644A215}.Ad-Hoc|Any CPU.Build.0 = Release|x86
		{71773C45-CB78-4497-9E1D-FD18D644A215}.Ad-Hoc|Any CPU.Deploy.0 = Release|x86
		{71773C45-CB78-4497-9E1D-FD18D644A215}.Ad-Hoc|ARM.ActiveCfg = Release|ARM
		{71773C45-CB78-4497-9E1D-FD18D644A215}.Ad-Hoc|ARM.Build.0 = Release|ARM
		{71773C45-CB78-4497-9E1D-FD18D644A215}.Ad-Hoc|ARM.Deploy.0 = Release|ARM
		{71773C45-CB78-4497-9E1D-FD18D644A215}.Ad-Hoc|iPhone.ActiveCfg = Release|x86
		{71773C45-CB78-4497-9E1D-FD18D644A215}.Ad-Hoc|iPhone.Build.0 = Release|x86
		{71773C45-CB78-4497-9E1D-FD18D644A215}.Ad-Hoc|iPhone.Deploy.0 = Release|x86
		{71773C45-CB78-4497-9E1D-FD18D644A215}.Ad-Hoc|iPhoneSimulator.ActiveCfg = Release|x86
		{71773C45-CB78-4497-9E1D-FD18D644A215}.Ad-Hoc|iPhoneSimulator.Build.0 = Release|x86
		{71773C45-CB78-4497-9E1D-FD18D644A215}.Ad-Hoc|iPhoneSimulator.Deploy.0 = Release|x86
		{71773C45-CB78-4497-9E1D-FD18D644A215}.Ad-Hoc|x64.ActiveCfg = Release|x64
		{71773C45-CB78-4497-9E1D-FD18D644A215}.Ad-Hoc|x64.Build.0 = Release|x64
		{71773C45-CB78-4497-9E1D-FD18D644A215}.Ad-Hoc|x64.Deploy.0 = Release|x64
		{71773C45-CB78-4497-9E1D-FD18D644A215}.Ad-Hoc|x86.ActiveCfg = Release|x86
		{71773C45-CB78-4497-9E1D-FD18D644A215}.Ad-Hoc|x86.Build.0 = Release|x86
		{71773C45-CB78-4497-9E1D-FD18D644A215}.Ad-Hoc|x86.Deploy.0 = Release|x86
		{71773C45-CB78-4497-9E1D-FD18D644A215}.AppStore|Any CPU.ActiveCfg = Release|x86
		{71773C45-CB78-4497-9E1D-FD18D644A215}.AppStore|Any CPU.Build.0 = Release|x86
		{71773C45-CB78-4497-9E1D-FD18D644A215}.AppStore|Any CPU.Deploy.0 = Release|x86
		{71773C45-CB78-4497-9E1D-FD18D644A215}.AppStore|ARM.ActiveCfg = Release|ARM
		{71773C45-CB78-4497-9E1D-FD18D644A215}.AppStore|ARM.Build.0 = Release|ARM
		{71773C45-CB78-4497-9E1D-FD18D644A215}.AppStore|ARM.Deploy.0 = Release|ARM
		{71773C45-CB78-4497-9E1D-FD18D644A215}.AppStore|iPhone.ActiveCfg = Release|x86
		{71773C45-CB78-4497-9E1D-FD18D644A215}.AppStore|iPhone.Build.0 = Release|x86
		{71773C45-CB78-4497-9E1D-FD18D644A215}.AppStore|iPhone.Deploy.0 = Release|x86
		{71773C45-CB78-4497-9E1D-FD18D644A215}.AppStore|iPhoneSimulator.ActiveCfg = Release|x86
		{71773C45-CB78-4497-9E1D-FD18D644A215}.AppStore|iPhoneSimulator.Build.0 = Release|x86
		{71773C45-CB78-4497-9E1D-FD18D644A215}.AppStore|iPhoneSimulator.Deploy.0 = Release|x86
		{71773C45-CB78-4497-9E1D-FD18D644A215}.AppStore|x64.ActiveCfg = Release|x64
		{71773C45-CB78-4497-9E1D-FD18D644A215}.AppStore|x64.Build.0 = Release|x64
		{71773C45-CB78-4497-9E1D-FD18D644A215}.AppStore|x64.Deploy.0 = Release|x64
		{71773C45-CB78-4497-9E1D-FD18D644A215}.AppStore|x86.ActiveCfg = Release|x86
		{71773C45-CB78-4497-9E1D-FD18D644A215}.AppStore|x86.Build.0 = Release|x86
		{71773C45-CB78-4497-9E1D-FD18D644A215}.AppStore|x86.Deploy.0 = Release|x86
		{71773C45-CB78-4497-9E1D-FD18D644A215}.Debug|Any CPU.ActiveCfg = Debug|x86
		{71773C45-CB78-4497-9E1D-FD18D644A215}.Debug|Any CPU.Build.0 = Debug|x86
		{71773C45-CB78-4497-9E1D-FD18D644A215}.Debug|Any CPU.Deploy.0 = Debug|x86
		{71773C45-CB78-4497-9E1D-FD18D644A215}.Debug|ARM.ActiveCfg = Debug|ARM
		{71773C45-CB78-4497-9E1D-FD18D644A215}.Debug|ARM.Build.0 = Debug|ARM
		{71773C45-CB78-4497-9E1D-FD18D644A215}.Debug|ARM.Deploy.0 = Debug|ARM
		{71773C45-CB78-4497-9E1D-FD18D644A215}.Debug|iPhone.ActiveCfg = Debug|x86
		{71773C45-CB78-4497-9E1D-FD18D644A215}.Debug|iPhone.Build.0 = Debug|x86
		{71773C45-CB78-4497-9E1D-FD18D644A215}.Debug|iPhone.Deploy.0 = Debug|x86
		{71773C45-CB78-4497-9E1D-FD18D644A215}.Debug|iPhoneSimulator.ActiveCfg = Debug|x86
		{71773C45-CB78-4497-9E1D-FD18D644A215}.Debug|iPhoneSimulator.Build.0 = Debug|x86
		{71773C45-CB78-4497-9E1D-FD18D644A215}.Debug|iPhoneSimulator.Deploy.0 = Debug|x86
		{71773C45-CB78-4497-9E1D-FD18D644A215}.Debug|x64.ActiveCfg = Debug|x64
		{71773C45-CB78-4497-9E1D-FD18D644A215}.Debug|x64.Build.0 = Debug|x64
		{71773C45-CB78-4497-9E1D-FD18D644A215}.Debug|x64.Deploy.0 = Debug|x64
		{71773C45-CB78-4497-9E1D-FD18D644A215}.Debug|x86.ActiveCfg = Debug|x86
		{71773C45-CB78-4497-9E1D-FD18D644A215}.Debug|x86.Build.0 = Debug|x86
		{71773C45-CB78-4497-9E1D-FD18D644A215}.Debug|x86.Deploy.0 = Debug|x86
		{71773C45-CB78-4497-9E1D-FD18D644A215}.Release|Any CPU.ActiveCfg = Release|x86
		{71773C45-CB78-4497-9E1D-FD18D644A215}.Release|Any CPU.Build.0 = Release|x86
		{71773C45-CB78-4497-9E1D-FD18D644A215}.Release|Any CPU.Deploy.0 = Release|x86
		{71773C45-CB78-4497-9E1D-FD18D644A215}.Release|ARM.ActiveCfg = Release|ARM
		{71773C45-CB78-4497-9E1D-FD18D644A215}.Release|ARM.Build.0 = Release|ARM
		{71773C45-CB78-4497-9E1D-FD18D644A215}.Release|ARM.Deploy.0 = Release|ARM
		{71773C45-CB78-4497-9E1D-FD18D644A215}.Release|iPhone.ActiveCfg = Release|x86
		{71773C45-CB78-4497-9E1D-FD18D644A215}.Release|iPhone.Build.0 = Release|x86
		{71773C45-CB78-4497-9E1D-FD18D644A215}.Release|iPhone.Deploy.0 = Release|x86
		{71773C45-CB78-4497-9E1D-FD18D644A215}.Release|iPhoneSimulator.ActiveCfg = Release|x86
		{71773C45-CB78-4497-9E1D-FD18D644A215}.Release|iPhoneSimulator.Build.0 = Release|x86
		{71773C45-CB78-4497-9E1D-FD18D644A215}.Release|iPhoneSimulator.Deploy.0 = Release|x86
		{71773C45-CB78-4497-9E1D-FD18D644A215}.Release|x64.ActiveCfg = Release|x64
		{71773C45-CB78-4497-9E1D-FD18D644A215}.Release|x64.Build.0 = Release|x64
		{71773C45-CB78-4497-9E1D-FD18D644A215}.Release|x64.Deploy.0 = Release|x64
		{71773C45-CB78-4497-9E1D-FD18D644A215}.Release|x86.ActiveCfg = Release|x86
		{71773C45-CB78-4497-9E1D-FD18D644A215}.Release|x86.Build.0 = Release|x86
		{71773C45-CB78-4497-9E1D-FD18D644A215}.Release|x86.Deploy.0 = Release|x86
		{F67C9BC8-9F23-4368-ACBA-B0A96E588CD7}.Ad-Hoc|Any CPU.ActiveCfg = Debug|Any CPU
		{F67C9BC8-9F23-4368-ACBA-B0A96E588CD7}.Ad-Hoc|Any CPU.Build.0 = Debug|Any CPU
		{F67C9BC8-9F23-4368-ACBA-B0A96E588CD7}.Ad-Hoc|Any CPU.Deploy.0 = Debug|Any CPU
		{F67C9BC8-9F23-4368-ACBA-B0A96E588CD7}.Ad-Hoc|ARM.ActiveCfg = Debug|Any CPU
		{F67C9BC8-9F23-4368-ACBA-B0A96E588CD7}.Ad-Hoc|ARM.Build.0 = Debug|Any CPU
		{F67C9BC8-9F23-4368-ACBA-B0A96E588CD7}.Ad-Hoc|ARM.Deploy.0 = Debug|Any CPU
		{F67C9BC8-9F23-4368-ACBA-B0A96E588CD7}.Ad-Hoc|iPhone.ActiveCfg = Debug|Any CPU
		{F67C9BC8-9F23-4368-ACBA-B0A96E588CD7}.Ad-Hoc|iPhone.Build.0 = Debug|Any CPU
		{F67C9BC8-9F23-4368-ACBA-B0A96E588CD7}.Ad-Hoc|iPhone.Deploy.0 = Debug|Any CPU
		{F67C9BC8-9F23-4368-ACBA-B0A96E588CD7}.Ad-Hoc|iPhoneSimulator.ActiveCfg = Debug|Any CPU
		{F67C9BC8-9F23-4368-ACBA-B0A96E588CD7}.Ad-Hoc|iPhoneSimulator.Build.0 = Debug|Any CPU
		{F67C9BC8-9F23-4368-ACBA-B0A96E588CD7}.Ad-Hoc|iPhoneSimulator.Deploy.0 = Debug|Any CPU
		{F67C9BC8-9F23-4368-ACBA-B0A96E588CD7}.Ad-Hoc|x64.ActiveCfg = Debug|Any CPU
		{F67C9BC8-9F23-4368-ACBA-B0A96E588CD7}.Ad-Hoc|x64.Build.0 = Debug|Any CPU
		{F67C9BC8-9F23-4368-ACBA-B0A96E588CD7}.Ad-Hoc|x64.Deploy.0 = Debug|Any CPU
		{F67C9BC8-9F23-4368-ACBA-B0A96E588CD7}.Ad-Hoc|x86.ActiveCfg = Debug|Any CPU
		{F67C9BC8-9F23-4368-ACBA-B0A96E588CD7}.Ad-Hoc|x86.Build.0 = Debug|Any CPU
		{F67C9BC8-9F23-4368-ACBA-B0A96E588CD7}.Ad-Hoc|x86.Deploy.0 = Debug|Any CPU
		{F67C9BC8-9F23-4368-ACBA-B0A96E588CD7}.AppStore|Any CPU.ActiveCfg = Debug|Any CPU
		{F67C9BC8-9F23-4368-ACBA-B0A96E588CD7}.AppStore|Any CPU.Build.0 = Debug|Any CPU
		{F67C9BC8-9F23-4368-ACBA-B0A96E588CD7}.AppStore|Any CPU.Deploy.0 = Debug|Any CPU
		{F67C9BC8-9F23-4368-ACBA-B0A96E588CD7}.AppStore|ARM.ActiveCfg = Debug|Any CPU
		{F67C9BC8-9F23-4368-ACBA-B0A96E588CD7}.AppStore|ARM.Build.0 = Debug|Any CPU
		{F67C9BC8-9F23-4368-ACBA-B0A96E588CD7}.AppStore|ARM.Deploy.0 = Debug|Any CPU
		{F67C9BC8-9F23-4368-ACBA-B0A96E588CD7}.AppStore|iPhone.ActiveCfg = Debug|Any CPU
		{F67C9BC8-9F23-4368-ACBA-B0A96E588CD7}.AppStore|iPhone.Build.0 = Debug|Any CPU
		{F67C9BC8-9F23-4368-ACBA-B0A96E588CD7}.AppStore|iPhone.Deploy.0 = Debug|Any CPU
		{F67C9BC8-9F23-4368-ACBA-B0A96E588CD7}.AppStore|iPhoneSimulator.ActiveCfg = Debug|Any CPU
		{F67C9BC8-9F23-4368-ACBA-B0A96E588CD7}.AppStore|iPhoneSimulator.Build.0 = Debug|Any CPU
		{F67C9BC8-9F23-4368-ACBA-B0A96E588CD7}.AppStore|iPhoneSimulator.Deploy.0 = Debug|Any CPU
		{F67C9BC8-9F23-4368-ACBA-B0A96E588CD7}.AppStore|x64.ActiveCfg = Debug|Any CPU
		{F67C9BC8-9F23-4368-ACBA-B0A96E588CD7}.AppStore|x64.Build.0 = Debug|Any CPU
		{F67C9BC8-9F23-4368-ACBA-B0A96E588CD7}.AppStore|x64.Deploy.0 = Debug|Any CPU
		{F67C9BC8-9F23-4368-ACBA-B0A96E588CD7}.AppStore|x86.ActiveCfg = Debug|Any CPU
		{F67C9BC8-9F23-4368-ACBA-B0A96E588CD7}.AppStore|x86.Build.0 = Debug|Any CPU
		{F67C9BC8-9F23-4368-ACBA-B0A96E588CD7}.AppStore|x86.Deploy.0 = Debug|Any CPU
		{F67C9BC8-9F23-4368-ACBA-B0A96E588CD7}.Debug|Any CPU.ActiveCfg = Debug|Any CPU
		{F67C9BC8-9F23-4368-ACBA-B0A96E588CD7}.Debug|Any CPU.Build.0 = Debug|Any CPU
		{F67C9BC8-9F23-4368-ACBA-B0A96E588CD7}.Debug|Any CPU.Deploy.0 = Debug|Any CPU
		{F67C9BC8-9F23-4368-ACBA-B0A96E588CD7}.Debug|ARM.ActiveCfg = Debug|Any CPU
		{F67C9BC8-9F23-4368-ACBA-B0A96E588CD7}.Debug|ARM.Build.0 = Debug|Any CPU
		{F67C9BC8-9F23-4368-ACBA-B0A96E588CD7}.Debug|ARM.Deploy.0 = Debug|Any CPU
		{F67C9BC8-9F23-4368-ACBA-B0A96E588CD7}.Debug|iPhone.ActiveCfg = Debug|Any CPU
		{F67C9BC8-9F23-4368-ACBA-B0A96E588CD7}.Debug|iPhone.Build.0 = Debug|Any CPU
		{F67C9BC8-9F23-4368-ACBA-B0A96E588CD7}.Debug|iPhone.Deploy.0 = Debug|Any CPU
		{F67C9BC8-9F23-4368-ACBA-B0A96E588CD7}.Debug|iPhoneSimulator.ActiveCfg = Debug|Any CPU
		{F67C9BC8-9F23-4368-ACBA-B0A96E588CD7}.Debug|iPhoneSimulator.Build.0 = Debug|Any CPU
		{F67C9BC8-9F23-4368-ACBA-B0A96E588CD7}.Debug|iPhoneSimulator.Deploy.0 = Debug|Any CPU
		{F67C9BC8-9F23-4368-ACBA-B0A96E588CD7}.Debug|x64.ActiveCfg = Debug|Any CPU
		{F67C9BC8-9F23-4368-ACBA-B0A96E588CD7}.Debug|x64.Build.0 = Debug|Any CPU
		{F67C9BC8-9F23-4368-ACBA-B0A96E588CD7}.Debug|x64.Deploy.0 = Debug|Any CPU
		{F67C9BC8-9F23-4368-ACBA-B0A96E588CD7}.Debug|x86.ActiveCfg = Debug|Any CPU
		{F67C9BC8-9F23-4368-ACBA-B0A96E588CD7}.Debug|x86.Build.0 = Debug|Any CPU
		{F67C9BC8-9F23-4368-ACBA-B0A96E588CD7}.Debug|x86.Deploy.0 = Debug|Any CPU
		{F67C9BC8-9F23-4368-ACBA-B0A96E588CD7}.Release|Any CPU.ActiveCfg = Release|Any CPU
		{F67C9BC8-9F23-4368-ACBA-B0A96E588CD7}.Release|Any CPU.Build.0 = Release|Any CPU
		{F67C9BC8-9F23-4368-ACBA-B0A96E588CD7}.Release|Any CPU.Deploy.0 = Release|Any CPU
		{F67C9BC8-9F23-4368-ACBA-B0A96E588CD7}.Release|ARM.ActiveCfg = Release|Any CPU
		{F67C9BC8-9F23-4368-ACBA-B0A96E588CD7}.Release|ARM.Build.0 = Release|Any CPU
		{F67C9BC8-9F23-4368-ACBA-B0A96E588CD7}.Release|ARM.Deploy.0 = Release|Any CPU
		{F67C9BC8-9F23-4368-ACBA-B0A96E588CD7}.Release|iPhone.ActiveCfg = Release|Any CPU
		{F67C9BC8-9F23-4368-ACBA-B0A96E588CD7}.Release|iPhone.Build.0 = Release|Any CPU
		{F67C9BC8-9F23-4368-ACBA-B0A96E588CD7}.Release|iPhone.Deploy.0 = Release|Any CPU
		{F67C9BC8-9F23-4368-ACBA-B0A96E588CD7}.Release|iPhoneSimulator.ActiveCfg = Release|Any CPU
		{F67C9BC8-9F23-4368-ACBA-B0A96E588CD7}.Release|iPhoneSimulator.Build.0 = Release|Any CPU
		{F67C9BC8-9F23-4368-ACBA-B0A96E588CD7}.Release|iPhoneSimulator.Deploy.0 = Release|Any CPU
		{F67C9BC8-9F23-4368-ACBA-B0A96E588CD7}.Release|x64.ActiveCfg = Release|Any CPU
		{F67C9BC8-9F23-4368-ACBA-B0A96E588CD7}.Release|x64.Build.0 = Release|Any CPU
		{F67C9BC8-9F23-4368-ACBA-B0A96E588CD7}.Release|x64.Deploy.0 = Release|Any CPU
		{F67C9BC8-9F23-4368-ACBA-B0A96E588CD7}.Release|x86.ActiveCfg = Release|Any CPU
		{F67C9BC8-9F23-4368-ACBA-B0A96E588CD7}.Release|x86.Build.0 = Release|Any CPU
		{F67C9BC8-9F23-4368-ACBA-B0A96E588CD7}.Release|x86.Deploy.0 = Release|Any CPU
	EndGlobalSection
	GlobalSection(SolutionProperties) = preSolution
		HideSolutionNode = FALSE
	EndGlobalSection
	GlobalSection(ExtensibilityGlobals) = postSolution
		SolutionGuid = {33D99DB2-20E7-4DBC-84AE-600FCEE83D63}
	EndGlobalSection
EndGlobal
